
Microsoft Visual Studio Solution File, Format Version 12.00
# Visual Studio 2013
VisualStudioVersion = 12.0.40629.0
MinimumVisualStudioVersion = 10.0.40219.1
Project("{8BC9CEB8-8B4A-11D0-8D11-00A0C91BC942}") = "1_glfwWin", "1_glfwWin\1_glfwWin.vcxproj", "{EF33CB9D-C931-49B4-9488-020CAA2C8317}"
EndProject
Project("{8BC9CEB8-8B4A-11D0-8D11-00A0C91BC942}") = "2_triangle", "2_triangle\2_triangle.vcxproj", "{F96E9F0E-81DC-4F2E-B232-099E3826364B}"
EndProject
Project("{8BC9CEB8-8B4A-11D0-8D11-00A0C91BC942}") = "3_1Shader", "3_1Shader\3_1Shader.vcxproj", "{9EF319D3-0A82-4AA5-8C38-3FF57089E505}"
EndProject
Project("{8BC9CEB8-8B4A-11D0-8D11-00A0C91BC942}") = "3_2Triangle", "3_2Triangle\3_2Triangle.vcxproj", "{F8599FA7-B17A-49B5-AE7D-7CAB5CE25C97}"
EndProject
Project("{8BC9CEB8-8B4A-11D0-8D11-00A0C91BC942}") = "4_Texture", "4_Texture\4_Texture.vcxproj", "{F634D06F-DC88-4272-9817-FB2FE7817334}"
EndProject
Project("{8BC9CEB8-8B4A-11D0-8D11-00A0C91BC942}") = "5_Matrix", "5_Matrix\5_Matrix.vcxproj", "{EF3520BE-2DC6-4E2F-B4D7-B92FA3AEA2B1}"
EndProject
Project("{8BC9CEB8-8B4A-11D0-8D11-00A0C91BC942}") = "6_3D1", "6_3D1\6_3D1.vcxproj", "{A192319E-3148-4112-B24B-9945992D8391}"
EndProject
Project("{8BC9CEB8-8B4A-11D0-8D11-00A0C91BC942}") = "6_3D2", "6_3D2\6_3D2.vcxproj", "{1540E2BC-0305-438D-95FB-10EBE79A5853}"
EndProject
Project("{8BC9CEB8-8B4A-11D0-8D11-00A0C91BC942}") = "7_Camera1", "7_Camera1\7_Camera1.vcxproj", "{2171078F-A1FE-425C-B6E6-83B622A2F19C}"
EndProject
Project("{8BC9CEB8-8B4A-11D0-8D11-00A0C91BC942}") = "7_Camera2", "7_Camera2\7_Camera2.vcxproj", "{3C04CAAC-A2B5-4DE1-BCE1-0D9F4EAE4DE4}"
EndProject
Project("{8BC9CEB8-8B4A-11D0-8D11-00A0C91BC942}") = "8_light1", "8_light1\8_light1.vcxproj", "{FDDC5DD5-A66C-4717-9592-F88E8A509482}"
EndProject
Project("{8BC9CEB8-8B4A-11D0-8D11-00A0C91BC942}") = "8_light2", "8_light2\8_light2.vcxproj", "{9E5BB3A9-F841-41C4-A980-0DE973C0D790}"
EndProject
Project("{8BC9CEB8-8B4A-11D0-8D11-00A0C91BC942}") = "9_depthTest", "9_depthTest\9_depthTest.vcxproj", "{A23927CF-8797-4CB0-A001-393773AF631F}"
EndProject
Project("{8BC9CEB8-8B4A-11D0-8D11-00A0C91BC942}") = "9_maskTest", "9_maskTest\9_maskTest.vcxproj", "{EA5980FC-295E-4E17-BFDA-100CA3904374}"
EndProject
Project("{8BC9CEB8-8B4A-11D0-8D11-00A0C91BC942}") = "10_blend", "10_blend\10_blend.vcxproj", "{446B93F8-7ACA-44EA-92BF-2530E2A40A8D}"
EndProject
Project("{8BC9CEB8-8B4A-11D0-8D11-00A0C91BC942}") = "11_frameBuffer", "11_frameBuffer\11_frameBuffer.vcxproj", "{CE5FEC1C-3865-4234-B952-624845723865}"
EndProject
Project("{8BC9CEB8-8B4A-11D0-8D11-00A0C91BC942}") = "9_planarReflection", "9_planarReflection\9_planarReflection.vcxproj", "{748EFA39-5683-49FF-B394-B8689189877C}"
EndProject
Project("{8BC9CEB8-8B4A-11D0-8D11-00A0C91BC942}") = "12_skybox", "12_skybox\12_skybox.vcxproj", "{2CCEBF5F-486E-4ACF-8B56-E1BA6126C582}"
EndProject
Project("{8BC9CEB8-8B4A-11D0-8D11-00A0C91BC942}") = "13_reflect", "13_reflect\13_reflect.vcxproj", "{E93E2DE7-384B-4683-8FCB-84B938B3CAA5}"
EndProject
Project("{8BC9CEB8-8B4A-11D0-8D11-00A0C91BC942}") = "14_Geometry", "14_Geometry\14_Geometry.vcxproj", "{A8E06AB7-C629-4604-A977-408A38F54399}"
EndProject
Project("{8BC9CEB8-8B4A-11D0-8D11-00A0C91BC942}") = "15_LoadModel", "15_LoadModel\15_LoadModel.vcxproj", "{3CF92926-A83E-42CD-939D-3E14134EC85D}"
EndProject
Global
	GlobalSection(SolutionConfigurationPlatforms) = preSolution
		Debug|Win32 = Debug|Win32
		Release|Win32 = Release|Win32
	EndGlobalSection
	GlobalSection(ProjectConfigurationPlatforms) = postSolution
		{EF33CB9D-C931-49B4-9488-020CAA2C8317}.Debug|Win32.ActiveCfg = Debug|Win32
		{EF33CB9D-C931-49B4-9488-020CAA2C8317}.Debug|Win32.Build.0 = Debug|Win32
		{EF33CB9D-C931-49B4-9488-020CAA2C8317}.Release|Win32.ActiveCfg = Release|Win32
		{EF33CB9D-C931-49B4-9488-020CAA2C8317}.Release|Win32.Build.0 = Release|Win32
		{F96E9F0E-81DC-4F2E-B232-099E3826364B}.Debug|Win32.ActiveCfg = Debug|Win32
		{F96E9F0E-81DC-4F2E-B232-099E3826364B}.Debug|Win32.Build.0 = Debug|Win32
		{F96E9F0E-81DC-4F2E-B232-099E3826364B}.Release|Win32.ActiveCfg = Release|Win32
		{F96E9F0E-81DC-4F2E-B232-099E3826364B}.Release|Win32.Build.0 = Release|Win32
		{9EF319D3-0A82-4AA5-8C38-3FF57089E505}.Debug|Win32.ActiveCfg = Debug|Win32
		{9EF319D3-0A82-4AA5-8C38-3FF57089E505}.Debug|Win32.Build.0 = Debug|Win32
		{9EF319D3-0A82-4AA5-8C38-3FF57089E505}.Release|Win32.ActiveCfg = Release|Win32
		{9EF319D3-0A82-4AA5-8C38-3FF57089E505}.Release|Win32.Build.0 = Release|Win32
		{F8599FA7-B17A-49B5-AE7D-7CAB5CE25C97}.Debug|Win32.ActiveCfg = Debug|Win32
		{F8599FA7-B17A-49B5-AE7D-7CAB5CE25C97}.Debug|Win32.Build.0 = Debug|Win32
		{F8599FA7-B17A-49B5-AE7D-7CAB5CE25C97}.Release|Win32.ActiveCfg = Release|Win32
		{F8599FA7-B17A-49B5-AE7D-7CAB5CE25C97}.Release|Win32.Build.0 = Release|Win32
		{F634D06F-DC88-4272-9817-FB2FE7817334}.Debug|Win32.ActiveCfg = Debug|Win32
		{F634D06F-DC88-4272-9817-FB2FE7817334}.Debug|Win32.Build.0 = Debug|Win32
		{F634D06F-DC88-4272-9817-FB2FE7817334}.Release|Win32.ActiveCfg = Release|Win32
		{F634D06F-DC88-4272-9817-FB2FE7817334}.Release|Win32.Build.0 = Release|Win32
		{EF3520BE-2DC6-4E2F-B4D7-B92FA3AEA2B1}.Debug|Win32.ActiveCfg = Debug|Win32
		{EF3520BE-2DC6-4E2F-B4D7-B92FA3AEA2B1}.Debug|Win32.Build.0 = Debug|Win32
		{EF3520BE-2DC6-4E2F-B4D7-B92FA3AEA2B1}.Release|Win32.ActiveCfg = Release|Win32
		{EF3520BE-2DC6-4E2F-B4D7-B92FA3AEA2B1}.Release|Win32.Build.0 = Release|Win32
		{A192319E-3148-4112-B24B-9945992D8391}.Debug|Win32.ActiveCfg = Debug|Win32
		{A192319E-3148-4112-B24B-9945992D8391}.Debug|Win32.Build.0 = Debug|Win32
		{A192319E-3148-4112-B24B-9945992D8391}.Release|Win32.ActiveCfg = Release|Win32
		{A192319E-3148-4112-B24B-9945992D8391}.Release|Win32.Build.0 = Release|Win32
		{1540E2BC-0305-438D-95FB-10EBE79A5853}.Debug|Win32.ActiveCfg = Debug|Win32
		{1540E2BC-0305-438D-95FB-10EBE79A5853}.Debug|Win32.Build.0 = Debug|Win32
		{1540E2BC-0305-438D-95FB-10EBE79A5853}.Release|Win32.ActiveCfg = Release|Win32
		{1540E2BC-0305-438D-95FB-10EBE79A5853}.Release|Win32.Build.0 = Release|Win32
		{2171078F-A1FE-425C-B6E6-83B622A2F19C}.Debug|Win32.ActiveCfg = Debug|Win32
		{2171078F-A1FE-425C-B6E6-83B622A2F19C}.Debug|Win32.Build.0 = Debug|Win32
		{2171078F-A1FE-425C-B6E6-83B622A2F19C}.Release|Win32.ActiveCfg = Release|Win32
		{2171078F-A1FE-425C-B6E6-83B622A2F19C}.Release|Win32.Build.0 = Release|Win32
		{3C04CAAC-A2B5-4DE1-BCE1-0D9F4EAE4DE4}.Debug|Win32.ActiveCfg = Debug|Win32
		{3C04CAAC-A2B5-4DE1-BCE1-0D9F4EAE4DE4}.Debug|Win32.Build.0 = Debug|Win32
		{3C04CAAC-A2B5-4DE1-BCE1-0D9F4EAE4DE4}.Release|Win32.ActiveCfg = Release|Win32
		{3C04CAAC-A2B5-4DE1-BCE1-0D9F4EAE4DE4}.Release|Win32.Build.0 = Release|Win32
		{FDDC5DD5-A66C-4717-9592-F88E8A509482}.Debug|Win32.ActiveCfg = Debug|Win32
		{FDDC5DD5-A66C-4717-9592-F88E8A509482}.Debug|Win32.Build.0 = Debug|Win32
		{FDDC5DD5-A66C-4717-9592-F88E8A509482}.Release|Win32.ActiveCfg = Release|Win32
		{FDDC5DD5-A66C-4717-9592-F88E8A509482}.Release|Win32.Build.0 = Release|Win32
		{9E5BB3A9-F841-41C4-A980-0DE973C0D790}.Debug|Win32.ActiveCfg = Debug|Win32
		{9E5BB3A9-F841-41C4-A980-0DE973C0D790}.Debug|Win32.Build.0 = Debug|Win32
		{9E5BB3A9-F841-41C4-A980-0DE973C0D790}.Release|Win32.ActiveCfg = Release|Win32
		{9E5BB3A9-F841-41C4-A980-0DE973C0D790}.Release|Win32.Build.0 = Release|Win32
		{A23927CF-8797-4CB0-A001-393773AF631F}.Debug|Win32.ActiveCfg = Debug|Win32
		{A23927CF-8797-4CB0-A001-393773AF631F}.Debug|Win32.Build.0 = Debug|Win32
		{A23927CF-8797-4CB0-A001-393773AF631F}.Release|Win32.ActiveCfg = Release|Win32
		{A23927CF-8797-4CB0-A001-393773AF631F}.Release|Win32.Build.0 = Release|Win32
		{EA5980FC-295E-4E17-BFDA-100CA3904374}.Debug|Win32.ActiveCfg = Debug|Win32
		{EA5980FC-295E-4E17-BFDA-100CA3904374}.Debug|Win32.Build.0 = Debug|Win32
		{EA5980FC-295E-4E17-BFDA-100CA3904374}.Release|Win32.ActiveCfg = Release|Win32
		{EA5980FC-295E-4E17-BFDA-100CA3904374}.Release|Win32.Build.0 = Release|Win32
		{446B93F8-7ACA-44EA-92BF-2530E2A40A8D}.Debug|Win32.ActiveCfg = Debug|Win32
		{446B93F8-7ACA-44EA-92BF-2530E2A40A8D}.Debug|Win32.Build.0 = Debug|Win32
		{446B93F8-7ACA-44EA-92BF-2530E2A40A8D}.Release|Win32.ActiveCfg = Release|Win32
		{446B93F8-7ACA-44EA-92BF-2530E2A40A8D}.Release|Win32.Build.0 = Release|Win32
		{CE5FEC1C-3865-4234-B952-624845723865}.Debug|Win32.ActiveCfg = Debug|Win32
		{CE5FEC1C-3865-4234-B952-624845723865}.Debug|Win32.Build.0 = Debug|Win32
		{CE5FEC1C-3865-4234-B952-624845723865}.Release|Win32.ActiveCfg = Release|Win32
		{CE5FEC1C-3865-4234-B952-624845723865}.Release|Win32.Build.0 = Release|Win32
		{748EFA39-5683-49FF-B394-B8689189877C}.Debug|Win32.ActiveCfg = Debug|Win32
		{748EFA39-5683-49FF-B394-B8689189877C}.Debug|Win32.Build.0 = Debug|Win32
		{748EFA39-5683-49FF-B394-B8689189877C}.Release|Win32.ActiveCfg = Release|Win32
		{748EFA39-5683-49FF-B394-B8689189877C}.Release|Win32.Build.0 = Release|Win32
		{2CCEBF5F-486E-4ACF-8B56-E1BA6126C582}.Debug|Win32.ActiveCfg = Debug|Win32
		{2CCEBF5F-486E-4ACF-8B56-E1BA6126C582}.Debug|Win32.Build.0 = Debug|Win32
		{2CCEBF5F-486E-4ACF-8B56-E1BA6126C582}.Release|Win32.ActiveCfg = Release|Win32
		{2CCEBF5F-486E-4ACF-8B56-E1BA6126C582}.Release|Win32.Build.0 = Release|Win32
		{E93E2DE7-384B-4683-8FCB-84B938B3CAA5}.Debug|Win32.ActiveCfg = Debug|Win32
		{E93E2DE7-384B-4683-8FCB-84B938B3CAA5}.Debug|Win32.Build.0 = Debug|Win32
		{E93E2DE7-384B-4683-8FCB-84B938B3CAA5}.Release|Win32.ActiveCfg = Release|Win32
		{E93E2DE7-384B-4683-8FCB-84B938B3CAA5}.Release|Win32.Build.0 = Release|Win32
		{A8E06AB7-C629-4604-A977-408A38F54399}.Debug|Win32.ActiveCfg = Debug|Win32
		{A8E06AB7-C629-4604-A977-408A38F54399}.Debug|Win32.Build.0 = Debug|Win32
		{A8E06AB7-C629-4604-A977-408A38F54399}.Release|Win32.ActiveCfg = Release|Win32
		{A8E06AB7-C629-4604-A977-408A38F54399}.Release|Win32.Build.0 = Release|Win32
		{3CF92926-A83E-42CD-939D-3E14134EC85D}.Debug|Win32.ActiveCfg = Debug|Win32
		{3CF92926-A83E-42CD-939D-3E14134EC85D}.Debug|Win32.Build.0 = Debug|Win32
		{3CF92926-A83E-42CD-939D-3E14134EC85D}.Release|Win32.ActiveCfg = Release|Win32
		{3CF92926-A83E-42CD-939D-3E14134EC85D}.Release|Win32.Build.0 = Release|Win32
	EndGlobalSection
	GlobalSection(SolutionProperties) = preSolution
		HideSolutionNode = FALSE
	EndGlobalSection
EndGlobal
