
Microsoft Visual Studio Solution File, Format Version 12.00
# Visual Studio 2013
VisualStudioVersion = 12.0.40629.0
MinimumVisualStudioVersion = 10.0.40219.1
Project("{8BC9CEB8-8B4A-11D0-8D11-00A0C91BC942}") = "clock", "clock\clock.vcxproj", "{67DEB582-36A8-4906-82A6-507880B36B33}"
EndProject
Project("{8BC9CEB8-8B4A-11D0-8D11-00A0C91BC942}") = "CPUwork", "CPUwork\CPUwork.vcxproj", "{FA9DA0B4-1EE7-42DF-B79A-0D718BE078D7}"
EndProject
Project("{8BC9CEB8-8B4A-11D0-8D11-00A0C91BC942}") = "binaryfile", "binaryfile\binaryfile.vcxproj", "{683115FE-A3B5-41AE-BA60-3076AA4F6B3E}"
EndProject
Project("{8BC9CEB8-8B4A-11D0-8D11-00A0C91BC942}") = "readMnist", "readMnist\readMnist.vcxproj", "{5036356F-2BE0-412A-ADD7-BC3D98793130}"
EndProject
Project("{8BC9CEB8-8B4A-11D0-8D11-00A0C91BC942}") = "opencvImg", "opencvImg\opencvImg.vcxproj", "{FE6D9EB5-2C88-4B96-B4E0-20B1A6B08A3C}"
EndProject
Project("{8BC9CEB8-8B4A-11D0-8D11-00A0C91BC942}") = "PreDeal", "PreDeal\PreDeal.vcxproj", "{09A1021E-3331-4F67-B23A-8C7ED13FF084}"
EndProject
Project("{8BC9CEB8-8B4A-11D0-8D11-00A0C91BC942}") = "moudle", "moudle\moudle.vcxproj", "{0CA8693A-8E75-4301-88A5-80D205CF785D}"
EndProject
Project("{8BC9CEB8-8B4A-11D0-8D11-00A0C91BC942}") = "Header", "Header\Header.vcxproj", "{4D7856AD-AADF-405C-86EC-F3A8C959249D}"
EndProject
Project("{8BC9CEB8-8B4A-11D0-8D11-00A0C91BC942}") = "stdio", "stdio\stdio.vcxproj", "{764F0EDF-F1E3-4CE8-A6F9-CC6FB9A8CF00}"
EndProject
Project("{8BC9CEB8-8B4A-11D0-8D11-00A0C91BC942}") = "uchar_uint8_t", "uchar_uint8_t\uchar_uint8_t.vcxproj", "{FEE6A3D8-A497-4694-9ED9-8BCEF870E924}"
EndProject
Project("{8BC9CEB8-8B4A-11D0-8D11-00A0C91BC942}") = "Time", "Time\Time.vcxproj", "{E723E089-46CE-48C7-BF12-05DD56D48F80}"
EndProject
Project("{8BC9CEB8-8B4A-11D0-8D11-00A0C91BC942}") = "Header2", "Header2\Header2.vcxproj", "{D91DB16A-5568-4334-B2B2-5685D8D6C51A}"
EndProject
Project("{8BC9CEB8-8B4A-11D0-8D11-00A0C91BC942}") = "Header3", "Header3\Header3.vcxproj", "{4853B94E-0E55-4593-8027-0A25D065DC85}"
EndProject
Project("{8BC9CEB8-8B4A-11D0-8D11-00A0C91BC942}") = "OpenMPTest", "OpenMPTest\OpenMPTest.vcxproj", "{865F6D8B-93DD-4B48-A720-78263299D500}"
EndProject
Project("{8BC9CEB8-8B4A-11D0-8D11-00A0C91BC942}") = "printfAddress", "printfAddress\printfAddress.vcxproj", "{D25AD163-C751-4FE9-9ED1-25408C7C94F2}"
EndProject
Project("{8BC9CEB8-8B4A-11D0-8D11-00A0C91BC942}") = "addition", "addition\addition.vcxproj", "{D7899A08-4DF2-4220-AB66-484937FC4E9F}"
EndProject
Project("{8BC9CEB8-8B4A-11D0-8D11-00A0C91BC942}") = "ExternC", "ExternC\ExternC.vcxproj", "{EE151D43-56C8-4433-8AB9-44CAC25BC6C2}"
EndProject
Project("{8BC9CEB8-8B4A-11D0-8D11-00A0C91BC942}") = "link", "link\link.vcxproj", "{E504559B-D157-4E48-AD8C-D1D6456AA475}"
EndProject
Project("{8BC9CEB8-8B4A-11D0-8D11-00A0C91BC942}") = "KmeanTest", "KmeanTest\KmeanTest.vcxproj", "{073C3732-20AA-4075-992D-D75C5FDF4980}"
EndProject
Project("{8BC9CEB8-8B4A-11D0-8D11-00A0C91BC942}") = "stringTest", "stringTest\stringTest.vcxproj", "{FBCFA377-FA48-4684-A65F-266FA7298B8F}"
EndProject
Project("{8BC9CEB8-8B4A-11D0-8D11-00A0C91BC942}") = "Pointer", "Pointer\Pointer.vcxproj", "{FAA5E775-3F3B-4AB5-B15A-EE8085AAE6B8}"
EndProject
Project("{8BC9CEB8-8B4A-11D0-8D11-00A0C91BC942}") = "structTest", "structTest\structTest.vcxproj", "{87BF9174-4C74-42DE-AD41-0208939D64A4}"
EndProject
Project("{8BC9CEB8-8B4A-11D0-8D11-00A0C91BC942}") = "staticMember", "staticMember\staticMember.vcxproj", "{6C8E7672-C2E5-4F4C-8756-75414DD4104A}"
EndProject
Project("{8BC9CEB8-8B4A-11D0-8D11-00A0C91BC942}") = "defaultParam", "defaultParam\defaultParam.vcxproj", "{9FC0D1F9-9903-4FBF-8C2E-0B2A8DC9EAFE}"
EndProject
Project("{8BC9CEB8-8B4A-11D0-8D11-00A0C91BC942}") = "void", "void\void.vcxproj", "{D6625621-CA32-4162-8DCE-676E34CF6FFE}"
EndProject
Project("{8BC9CEB8-8B4A-11D0-8D11-00A0C91BC942}") = "weiyu", "weiyu\weiyu.vcxproj", "{42378062-7C34-4A2F-83F3-46A2FFCF7F34}"
EndProject
Project("{8BC9CEB8-8B4A-11D0-8D11-00A0C91BC942}") = "enumTest", "enumTest\enumTest.vcxproj", "{BCAFE070-E7A3-44A8-A768-57394FDDDBB4}"
EndProject
Global
	GlobalSection(SolutionConfigurationPlatforms) = preSolution
		Debug|Any CPU = Debug|Any CPU
		Debug|Mixed Platforms = Debug|Mixed Platforms
		Debug|Win32 = Debug|Win32
		Release|Any CPU = Release|Any CPU
		Release|Mixed Platforms = Release|Mixed Platforms
		Release|Win32 = Release|Win32
	EndGlobalSection
	GlobalSection(ProjectConfigurationPlatforms) = postSolution
		{67DEB582-36A8-4906-82A6-507880B36B33}.Debug|Any CPU.ActiveCfg = Debug|Win32
		{67DEB582-36A8-4906-82A6-507880B36B33}.Debug|Mixed Platforms.ActiveCfg = Debug|Win32
		{67DEB582-36A8-4906-82A6-507880B36B33}.Debug|Mixed Platforms.Build.0 = Debug|Win32
		{67DEB582-36A8-4906-82A6-507880B36B33}.Debug|Win32.ActiveCfg = Debug|Win32
		{67DEB582-36A8-4906-82A6-507880B36B33}.Debug|Win32.Build.0 = Debug|Win32
		{67DEB582-36A8-4906-82A6-507880B36B33}.Release|Any CPU.ActiveCfg = Release|Win32
		{67DEB582-36A8-4906-82A6-507880B36B33}.Release|Mixed Platforms.ActiveCfg = Release|Win32
		{67DEB582-36A8-4906-82A6-507880B36B33}.Release|Mixed Platforms.Build.0 = Release|Win32
		{67DEB582-36A8-4906-82A6-507880B36B33}.Release|Win32.ActiveCfg = Release|Win32
		{67DEB582-36A8-4906-82A6-507880B36B33}.Release|Win32.Build.0 = Release|Win32
		{FA9DA0B4-1EE7-42DF-B79A-0D718BE078D7}.Debug|Any CPU.ActiveCfg = Debug|Win32
		{FA9DA0B4-1EE7-42DF-B79A-0D718BE078D7}.Debug|Mixed Platforms.ActiveCfg = Debug|Win32
		{FA9DA0B4-1EE7-42DF-B79A-0D718BE078D7}.Debug|Mixed Platforms.Build.0 = Debug|Win32
		{FA9DA0B4-1EE7-42DF-B79A-0D718BE078D7}.Debug|Win32.ActiveCfg = Debug|Win32
		{FA9DA0B4-1EE7-42DF-B79A-0D718BE078D7}.Debug|Win32.Build.0 = Debug|Win32
		{FA9DA0B4-1EE7-42DF-B79A-0D718BE078D7}.Release|Any CPU.ActiveCfg = Release|Win32
		{FA9DA0B4-1EE7-42DF-B79A-0D718BE078D7}.Release|Mixed Platforms.ActiveCfg = Release|Win32
		{FA9DA0B4-1EE7-42DF-B79A-0D718BE078D7}.Release|Mixed Platforms.Build.0 = Release|Win32
		{FA9DA0B4-1EE7-42DF-B79A-0D718BE078D7}.Release|Win32.ActiveCfg = Release|Win32
		{FA9DA0B4-1EE7-42DF-B79A-0D718BE078D7}.Release|Win32.Build.0 = Release|Win32
		{683115FE-A3B5-41AE-BA60-3076AA4F6B3E}.Debug|Any CPU.ActiveCfg = Debug|Win32
		{683115FE-A3B5-41AE-BA60-3076AA4F6B3E}.Debug|Mixed Platforms.ActiveCfg = Debug|Win32
		{683115FE-A3B5-41AE-BA60-3076AA4F6B3E}.Debug|Mixed Platforms.Build.0 = Debug|Win32
		{683115FE-A3B5-41AE-BA60-3076AA4F6B3E}.Debug|Win32.ActiveCfg = Debug|Win32
		{683115FE-A3B5-41AE-BA60-3076AA4F6B3E}.Debug|Win32.Build.0 = Debug|Win32
		{683115FE-A3B5-41AE-BA60-3076AA4F6B3E}.Release|Any CPU.ActiveCfg = Release|Win32
		{683115FE-A3B5-41AE-BA60-3076AA4F6B3E}.Release|Mixed Platforms.ActiveCfg = Release|Win32
		{683115FE-A3B5-41AE-BA60-3076AA4F6B3E}.Release|Mixed Platforms.Build.0 = Release|Win32
		{683115FE-A3B5-41AE-BA60-3076AA4F6B3E}.Release|Win32.ActiveCfg = Release|Win32
		{683115FE-A3B5-41AE-BA60-3076AA4F6B3E}.Release|Win32.Build.0 = Release|Win32
		{5036356F-2BE0-412A-ADD7-BC3D98793130}.Debug|Any CPU.ActiveCfg = Debug|Win32
		{5036356F-2BE0-412A-ADD7-BC3D98793130}.Debug|Mixed Platforms.ActiveCfg = Debug|Win32
		{5036356F-2BE0-412A-ADD7-BC3D98793130}.Debug|Mixed Platforms.Build.0 = Debug|Win32
		{5036356F-2BE0-412A-ADD7-BC3D98793130}.Debug|Win32.ActiveCfg = Debug|Win32
		{5036356F-2BE0-412A-ADD7-BC3D98793130}.Debug|Win32.Build.0 = Debug|Win32
		{5036356F-2BE0-412A-ADD7-BC3D98793130}.Release|Any CPU.ActiveCfg = Release|Win32
		{5036356F-2BE0-412A-ADD7-BC3D98793130}.Release|Mixed Platforms.ActiveCfg = Release|Win32
		{5036356F-2BE0-412A-ADD7-BC3D98793130}.Release|Mixed Platforms.Build.0 = Release|Win32
		{5036356F-2BE0-412A-ADD7-BC3D98793130}.Release|Win32.ActiveCfg = Release|Win32
		{5036356F-2BE0-412A-ADD7-BC3D98793130}.Release|Win32.Build.0 = Release|Win32
		{FE6D9EB5-2C88-4B96-B4E0-20B1A6B08A3C}.Debug|Any CPU.ActiveCfg = Debug|Win32
		{FE6D9EB5-2C88-4B96-B4E0-20B1A6B08A3C}.Debug|Mixed Platforms.ActiveCfg = Debug|Win32
		{FE6D9EB5-2C88-4B96-B4E0-20B1A6B08A3C}.Debug|Mixed Platforms.Build.0 = Debug|Win32
		{FE6D9EB5-2C88-4B96-B4E0-20B1A6B08A3C}.Debug|Win32.ActiveCfg = Debug|Win32
		{FE6D9EB5-2C88-4B96-B4E0-20B1A6B08A3C}.Debug|Win32.Build.0 = Debug|Win32
		{FE6D9EB5-2C88-4B96-B4E0-20B1A6B08A3C}.Release|Any CPU.ActiveCfg = Release|Win32
		{FE6D9EB5-2C88-4B96-B4E0-20B1A6B08A3C}.Release|Mixed Platforms.ActiveCfg = Release|Win32
		{FE6D9EB5-2C88-4B96-B4E0-20B1A6B08A3C}.Release|Mixed Platforms.Build.0 = Release|Win32
		{FE6D9EB5-2C88-4B96-B4E0-20B1A6B08A3C}.Release|Win32.ActiveCfg = Release|Win32
		{FE6D9EB5-2C88-4B96-B4E0-20B1A6B08A3C}.Release|Win32.Build.0 = Release|Win32
		{09A1021E-3331-4F67-B23A-8C7ED13FF084}.Debug|Any CPU.ActiveCfg = Debug|Win32
		{09A1021E-3331-4F67-B23A-8C7ED13FF084}.Debug|Mixed Platforms.ActiveCfg = Debug|Win32
		{09A1021E-3331-4F67-B23A-8C7ED13FF084}.Debug|Mixed Platforms.Build.0 = Debug|Win32
		{09A1021E-3331-4F67-B23A-8C7ED13FF084}.Debug|Win32.ActiveCfg = Debug|Win32
		{09A1021E-3331-4F67-B23A-8C7ED13FF084}.Debug|Win32.Build.0 = Debug|Win32
		{09A1021E-3331-4F67-B23A-8C7ED13FF084}.Release|Any CPU.ActiveCfg = Release|Win32
		{09A1021E-3331-4F67-B23A-8C7ED13FF084}.Release|Mixed Platforms.ActiveCfg = Release|Win32
		{09A1021E-3331-4F67-B23A-8C7ED13FF084}.Release|Mixed Platforms.Build.0 = Release|Win32
		{09A1021E-3331-4F67-B23A-8C7ED13FF084}.Release|Win32.ActiveCfg = Release|Win32
		{09A1021E-3331-4F67-B23A-8C7ED13FF084}.Release|Win32.Build.0 = Release|Win32
		{0CA8693A-8E75-4301-88A5-80D205CF785D}.Debug|Any CPU.ActiveCfg = Debug|Win32
		{0CA8693A-8E75-4301-88A5-80D205CF785D}.Debug|Mixed Platforms.ActiveCfg = Debug|Win32
		{0CA8693A-8E75-4301-88A5-80D205CF785D}.Debug|Mixed Platforms.Build.0 = Debug|Win32
		{0CA8693A-8E75-4301-88A5-80D205CF785D}.Debug|Win32.ActiveCfg = Debug|Win32
		{0CA8693A-8E75-4301-88A5-80D205CF785D}.Debug|Win32.Build.0 = Debug|Win32
		{0CA8693A-8E75-4301-88A5-80D205CF785D}.Release|Any CPU.ActiveCfg = Release|Win32
		{0CA8693A-8E75-4301-88A5-80D205CF785D}.Release|Mixed Platforms.ActiveCfg = Release|Win32
		{0CA8693A-8E75-4301-88A5-80D205CF785D}.Release|Mixed Platforms.Build.0 = Release|Win32
		{0CA8693A-8E75-4301-88A5-80D205CF785D}.Release|Win32.ActiveCfg = Release|Win32
		{0CA8693A-8E75-4301-88A5-80D205CF785D}.Release|Win32.Build.0 = Release|Win32
		{4D7856AD-AADF-405C-86EC-F3A8C959249D}.Debug|Any CPU.ActiveCfg = Debug|Win32
		{4D7856AD-AADF-405C-86EC-F3A8C959249D}.Debug|Mixed Platforms.ActiveCfg = Debug|Win32
		{4D7856AD-AADF-405C-86EC-F3A8C959249D}.Debug|Mixed Platforms.Build.0 = Debug|Win32
		{4D7856AD-AADF-405C-86EC-F3A8C959249D}.Debug|Win32.ActiveCfg = Debug|Win32
		{4D7856AD-AADF-405C-86EC-F3A8C959249D}.Debug|Win32.Build.0 = Debug|Win32
		{4D7856AD-AADF-405C-86EC-F3A8C959249D}.Release|Any CPU.ActiveCfg = Release|Win32
		{4D7856AD-AADF-405C-86EC-F3A8C959249D}.Release|Mixed Platforms.ActiveCfg = Release|Win32
		{4D7856AD-AADF-405C-86EC-F3A8C959249D}.Release|Mixed Platforms.Build.0 = Release|Win32
		{4D7856AD-AADF-405C-86EC-F3A8C959249D}.Release|Win32.ActiveCfg = Release|Win32
		{4D7856AD-AADF-405C-86EC-F3A8C959249D}.Release|Win32.Build.0 = Release|Win32
		{764F0EDF-F1E3-4CE8-A6F9-CC6FB9A8CF00}.Debug|Any CPU.ActiveCfg = Debug|Win32
		{764F0EDF-F1E3-4CE8-A6F9-CC6FB9A8CF00}.Debug|Mixed Platforms.ActiveCfg = Debug|Win32
		{764F0EDF-F1E3-4CE8-A6F9-CC6FB9A8CF00}.Debug|Mixed Platforms.Build.0 = Debug|Win32
		{764F0EDF-F1E3-4CE8-A6F9-CC6FB9A8CF00}.Debug|Win32.ActiveCfg = Debug|Win32
		{764F0EDF-F1E3-4CE8-A6F9-CC6FB9A8CF00}.Debug|Win32.Build.0 = Debug|Win32
		{764F0EDF-F1E3-4CE8-A6F9-CC6FB9A8CF00}.Release|Any CPU.ActiveCfg = Release|Win32
		{764F0EDF-F1E3-4CE8-A6F9-CC6FB9A8CF00}.Release|Mixed Platforms.ActiveCfg = Release|Win32
		{764F0EDF-F1E3-4CE8-A6F9-CC6FB9A8CF00}.Release|Mixed Platforms.Build.0 = Release|Win32
		{764F0EDF-F1E3-4CE8-A6F9-CC6FB9A8CF00}.Release|Win32.ActiveCfg = Release|Win32
		{764F0EDF-F1E3-4CE8-A6F9-CC6FB9A8CF00}.Release|Win32.Build.0 = Release|Win32
		{FEE6A3D8-A497-4694-9ED9-8BCEF870E924}.Debug|Any CPU.ActiveCfg = Debug|Win32
		{FEE6A3D8-A497-4694-9ED9-8BCEF870E924}.Debug|Mixed Platforms.ActiveCfg = Debug|Win32
		{FEE6A3D8-A497-4694-9ED9-8BCEF870E924}.Debug|Mixed Platforms.Build.0 = Debug|Win32
		{FEE6A3D8-A497-4694-9ED9-8BCEF870E924}.Debug|Win32.ActiveCfg = Debug|Win32
		{FEE6A3D8-A497-4694-9ED9-8BCEF870E924}.Debug|Win32.Build.0 = Debug|Win32
		{FEE6A3D8-A497-4694-9ED9-8BCEF870E924}.Release|Any CPU.ActiveCfg = Release|Win32
		{FEE6A3D8-A497-4694-9ED9-8BCEF870E924}.Release|Mixed Platforms.ActiveCfg = Release|Win32
		{FEE6A3D8-A497-4694-9ED9-8BCEF870E924}.Release|Mixed Platforms.Build.0 = Release|Win32
		{FEE6A3D8-A497-4694-9ED9-8BCEF870E924}.Release|Win32.ActiveCfg = Release|Win32
		{FEE6A3D8-A497-4694-9ED9-8BCEF870E924}.Release|Win32.Build.0 = Release|Win32
		{E723E089-46CE-48C7-BF12-05DD56D48F80}.Debug|Any CPU.ActiveCfg = Debug|Win32
		{E723E089-46CE-48C7-BF12-05DD56D48F80}.Debug|Mixed Platforms.ActiveCfg = Debug|Win32
		{E723E089-46CE-48C7-BF12-05DD56D48F80}.Debug|Mixed Platforms.Build.0 = Debug|Win32
		{E723E089-46CE-48C7-BF12-05DD56D48F80}.Debug|Win32.ActiveCfg = Debug|Win32
		{E723E089-46CE-48C7-BF12-05DD56D48F80}.Debug|Win32.Build.0 = Debug|Win32
		{E723E089-46CE-48C7-BF12-05DD56D48F80}.Release|Any CPU.ActiveCfg = Release|Win32
		{E723E089-46CE-48C7-BF12-05DD56D48F80}.Release|Mixed Platforms.ActiveCfg = Release|Win32
		{E723E089-46CE-48C7-BF12-05DD56D48F80}.Release|Mixed Platforms.Build.0 = Release|Win32
		{E723E089-46CE-48C7-BF12-05DD56D48F80}.Release|Win32.ActiveCfg = Release|Win32
		{E723E089-46CE-48C7-BF12-05DD56D48F80}.Release|Win32.Build.0 = Release|Win32
		{D91DB16A-5568-4334-B2B2-5685D8D6C51A}.Debug|Any CPU.ActiveCfg = Debug|Win32
		{D91DB16A-5568-4334-B2B2-5685D8D6C51A}.Debug|Mixed Platforms.ActiveCfg = Debug|Win32
		{D91DB16A-5568-4334-B2B2-5685D8D6C51A}.Debug|Mixed Platforms.Build.0 = Debug|Win32
		{D91DB16A-5568-4334-B2B2-5685D8D6C51A}.Debug|Win32.ActiveCfg = Debug|Win32
		{D91DB16A-5568-4334-B2B2-5685D8D6C51A}.Debug|Win32.Build.0 = Debug|Win32
		{D91DB16A-5568-4334-B2B2-5685D8D6C51A}.Release|Any CPU.ActiveCfg = Release|Win32
		{D91DB16A-5568-4334-B2B2-5685D8D6C51A}.Release|Mixed Platforms.ActiveCfg = Release|Win32
		{D91DB16A-5568-4334-B2B2-5685D8D6C51A}.Release|Mixed Platforms.Build.0 = Release|Win32
		{D91DB16A-5568-4334-B2B2-5685D8D6C51A}.Release|Win32.ActiveCfg = Release|Win32
		{D91DB16A-5568-4334-B2B2-5685D8D6C51A}.Release|Win32.Build.0 = Release|Win32
		{4853B94E-0E55-4593-8027-0A25D065DC85}.Debug|Any CPU.ActiveCfg = Debug|Win32
		{4853B94E-0E55-4593-8027-0A25D065DC85}.Debug|Mixed Platforms.ActiveCfg = Debug|Win32
		{4853B94E-0E55-4593-8027-0A25D065DC85}.Debug|Mixed Platforms.Build.0 = Debug|Win32
		{4853B94E-0E55-4593-8027-0A25D065DC85}.Debug|Win32.ActiveCfg = Debug|Win32
		{4853B94E-0E55-4593-8027-0A25D065DC85}.Debug|Win32.Build.0 = Debug|Win32
		{4853B94E-0E55-4593-8027-0A25D065DC85}.Release|Any CPU.ActiveCfg = Release|Win32
		{4853B94E-0E55-4593-8027-0A25D065DC85}.Release|Mixed Platforms.ActiveCfg = Release|Win32
		{4853B94E-0E55-4593-8027-0A25D065DC85}.Release|Mixed Platforms.Build.0 = Release|Win32
		{4853B94E-0E55-4593-8027-0A25D065DC85}.Release|Win32.ActiveCfg = Release|Win32
		{4853B94E-0E55-4593-8027-0A25D065DC85}.Release|Win32.Build.0 = Release|Win32
		{865F6D8B-93DD-4B48-A720-78263299D500}.Debug|Any CPU.ActiveCfg = Debug|Win32
		{865F6D8B-93DD-4B48-A720-78263299D500}.Debug|Mixed Platforms.ActiveCfg = Debug|Win32
		{865F6D8B-93DD-4B48-A720-78263299D500}.Debug|Mixed Platforms.Build.0 = Debug|Win32
		{865F6D8B-93DD-4B48-A720-78263299D500}.Debug|Win32.ActiveCfg = Debug|Win32
		{865F6D8B-93DD-4B48-A720-78263299D500}.Debug|Win32.Build.0 = Debug|Win32
		{865F6D8B-93DD-4B48-A720-78263299D500}.Release|Any CPU.ActiveCfg = Release|Win32
		{865F6D8B-93DD-4B48-A720-78263299D500}.Release|Mixed Platforms.ActiveCfg = Release|Win32
		{865F6D8B-93DD-4B48-A720-78263299D500}.Release|Mixed Platforms.Build.0 = Release|Win32
		{865F6D8B-93DD-4B48-A720-78263299D500}.Release|Win32.ActiveCfg = Release|Win32
		{865F6D8B-93DD-4B48-A720-78263299D500}.Release|Win32.Build.0 = Release|Win32
		{D25AD163-C751-4FE9-9ED1-25408C7C94F2}.Debug|Any CPU.ActiveCfg = Debug|Win32
		{D25AD163-C751-4FE9-9ED1-25408C7C94F2}.Debug|Mixed Platforms.ActiveCfg = Debug|Win32
		{D25AD163-C751-4FE9-9ED1-25408C7C94F2}.Debug|Mixed Platforms.Build.0 = Debug|Win32
		{D25AD163-C751-4FE9-9ED1-25408C7C94F2}.Debug|Win32.ActiveCfg = Debug|Win32
		{D25AD163-C751-4FE9-9ED1-25408C7C94F2}.Debug|Win32.Build.0 = Debug|Win32
		{D25AD163-C751-4FE9-9ED1-25408C7C94F2}.Release|Any CPU.ActiveCfg = Release|Win32
		{D25AD163-C751-4FE9-9ED1-25408C7C94F2}.Release|Mixed Platforms.ActiveCfg = Release|Win32
		{D25AD163-C751-4FE9-9ED1-25408C7C94F2}.Release|Mixed Platforms.Build.0 = Release|Win32
		{D25AD163-C751-4FE9-9ED1-25408C7C94F2}.Release|Win32.ActiveCfg = Release|Win32
		{D25AD163-C751-4FE9-9ED1-25408C7C94F2}.Release|Win32.Build.0 = Release|Win32
		{D7899A08-4DF2-4220-AB66-484937FC4E9F}.Debug|Any CPU.ActiveCfg = Debug|Win32
		{D7899A08-4DF2-4220-AB66-484937FC4E9F}.Debug|Mixed Platforms.ActiveCfg = Debug|Win32
		{D7899A08-4DF2-4220-AB66-484937FC4E9F}.Debug|Mixed Platforms.Build.0 = Debug|Win32
		{D7899A08-4DF2-4220-AB66-484937FC4E9F}.Debug|Win32.ActiveCfg = Debug|Win32
		{D7899A08-4DF2-4220-AB66-484937FC4E9F}.Debug|Win32.Build.0 = Debug|Win32
		{D7899A08-4DF2-4220-AB66-484937FC4E9F}.Release|Any CPU.ActiveCfg = Release|Win32
		{D7899A08-4DF2-4220-AB66-484937FC4E9F}.Release|Mixed Platforms.ActiveCfg = Release|Win32
		{D7899A08-4DF2-4220-AB66-484937FC4E9F}.Release|Mixed Platforms.Build.0 = Release|Win32
		{D7899A08-4DF2-4220-AB66-484937FC4E9F}.Release|Win32.ActiveCfg = Release|Win32
		{D7899A08-4DF2-4220-AB66-484937FC4E9F}.Release|Win32.Build.0 = Release|Win32
		{EE151D43-56C8-4433-8AB9-44CAC25BC6C2}.Debug|Any CPU.ActiveCfg = Debug|Win32
		{EE151D43-56C8-4433-8AB9-44CAC25BC6C2}.Debug|Mixed Platforms.ActiveCfg = Debug|Win32
		{EE151D43-56C8-4433-8AB9-44CAC25BC6C2}.Debug|Mixed Platforms.Build.0 = Debug|Win32
		{EE151D43-56C8-4433-8AB9-44CAC25BC6C2}.Debug|Win32.ActiveCfg = Debug|Win32
		{EE151D43-56C8-4433-8AB9-44CAC25BC6C2}.Debug|Win32.Build.0 = Debug|Win32
		{EE151D43-56C8-4433-8AB9-44CAC25BC6C2}.Release|Any CPU.ActiveCfg = Release|Win32
		{EE151D43-56C8-4433-8AB9-44CAC25BC6C2}.Release|Mixed Platforms.ActiveCfg = Release|Win32
		{EE151D43-56C8-4433-8AB9-44CAC25BC6C2}.Release|Mixed Platforms.Build.0 = Release|Win32
		{EE151D43-56C8-4433-8AB9-44CAC25BC6C2}.Release|Win32.ActiveCfg = Release|Win32
		{EE151D43-56C8-4433-8AB9-44CAC25BC6C2}.Release|Win32.Build.0 = Release|Win32
		{E504559B-D157-4E48-AD8C-D1D6456AA475}.Debug|Any CPU.ActiveCfg = Debug|Win32
		{E504559B-D157-4E48-AD8C-D1D6456AA475}.Debug|Mixed Platforms.ActiveCfg = Debug|Win32
		{E504559B-D157-4E48-AD8C-D1D6456AA475}.Debug|Mixed Platforms.Build.0 = Debug|Win32
		{E504559B-D157-4E48-AD8C-D1D6456AA475}.Debug|Win32.ActiveCfg = Debug|Win32
		{E504559B-D157-4E48-AD8C-D1D6456AA475}.Debug|Win32.Build.0 = Debug|Win32
		{E504559B-D157-4E48-AD8C-D1D6456AA475}.Release|Any CPU.ActiveCfg = Release|Win32
		{E504559B-D157-4E48-AD8C-D1D6456AA475}.Release|Mixed Platforms.ActiveCfg = Release|Win32
		{E504559B-D157-4E48-AD8C-D1D6456AA475}.Release|Mixed Platforms.Build.0 = Release|Win32
		{E504559B-D157-4E48-AD8C-D1D6456AA475}.Release|Win32.ActiveCfg = Release|Win32
		{E504559B-D157-4E48-AD8C-D1D6456AA475}.Release|Win32.Build.0 = Release|Win32
		{073C3732-20AA-4075-992D-D75C5FDF4980}.Debug|Any CPU.ActiveCfg = Debug|Win32
		{073C3732-20AA-4075-992D-D75C5FDF4980}.Debug|Mixed Platforms.ActiveCfg = Debug|Win32
		{073C3732-20AA-4075-992D-D75C5FDF4980}.Debug|Mixed Platforms.Build.0 = Debug|Win32
		{073C3732-20AA-4075-992D-D75C5FDF4980}.Debug|Win32.ActiveCfg = Debug|Win32
		{073C3732-20AA-4075-992D-D75C5FDF4980}.Debug|Win32.Build.0 = Debug|Win32
		{073C3732-20AA-4075-992D-D75C5FDF4980}.Release|Any CPU.ActiveCfg = Release|Win32
		{073C3732-20AA-4075-992D-D75C5FDF4980}.Release|Mixed Platforms.ActiveCfg = Release|Win32
		{073C3732-20AA-4075-992D-D75C5FDF4980}.Release|Mixed Platforms.Build.0 = Release|Win32
		{073C3732-20AA-4075-992D-D75C5FDF4980}.Release|Win32.ActiveCfg = Release|Win32
		{073C3732-20AA-4075-992D-D75C5FDF4980}.Release|Win32.Build.0 = Release|Win32
		{FBCFA377-FA48-4684-A65F-266FA7298B8F}.Debug|Any CPU.ActiveCfg = Debug|Win32
		{FBCFA377-FA48-4684-A65F-266FA7298B8F}.Debug|Mixed Platforms.ActiveCfg = Debug|Win32
		{FBCFA377-FA48-4684-A65F-266FA7298B8F}.Debug|Mixed Platforms.Build.0 = Debug|Win32
		{FBCFA377-FA48-4684-A65F-266FA7298B8F}.Debug|Win32.ActiveCfg = Debug|Win32
		{FBCFA377-FA48-4684-A65F-266FA7298B8F}.Debug|Win32.Build.0 = Debug|Win32
		{FBCFA377-FA48-4684-A65F-266FA7298B8F}.Release|Any CPU.ActiveCfg = Release|Win32
		{FBCFA377-FA48-4684-A65F-266FA7298B8F}.Release|Mixed Platforms.ActiveCfg = Release|Win32
		{FBCFA377-FA48-4684-A65F-266FA7298B8F}.Release|Mixed Platforms.Build.0 = Release|Win32
		{FBCFA377-FA48-4684-A65F-266FA7298B8F}.Release|Win32.ActiveCfg = Release|Win32
		{FBCFA377-FA48-4684-A65F-266FA7298B8F}.Release|Win32.Build.0 = Release|Win32
		{FAA5E775-3F3B-4AB5-B15A-EE8085AAE6B8}.Debug|Any CPU.ActiveCfg = Debug|Win32
		{FAA5E775-3F3B-4AB5-B15A-EE8085AAE6B8}.Debug|Mixed Platforms.ActiveCfg = Debug|Win32
		{FAA5E775-3F3B-4AB5-B15A-EE8085AAE6B8}.Debug|Mixed Platforms.Build.0 = Debug|Win32
		{FAA5E775-3F3B-4AB5-B15A-EE8085AAE6B8}.Debug|Win32.ActiveCfg = Debug|Win32
		{FAA5E775-3F3B-4AB5-B15A-EE8085AAE6B8}.Debug|Win32.Build.0 = Debug|Win32
		{FAA5E775-3F3B-4AB5-B15A-EE8085AAE6B8}.Release|Any CPU.ActiveCfg = Release|Win32
		{FAA5E775-3F3B-4AB5-B15A-EE8085AAE6B8}.Release|Mixed Platforms.ActiveCfg = Release|Win32
		{FAA5E775-3F3B-4AB5-B15A-EE8085AAE6B8}.Release|Mixed Platforms.Build.0 = Release|Win32
		{FAA5E775-3F3B-4AB5-B15A-EE8085AAE6B8}.Release|Win32.ActiveCfg = Release|Win32
		{FAA5E775-3F3B-4AB5-B15A-EE8085AAE6B8}.Release|Win32.Build.0 = Release|Win32
		{87BF9174-4C74-42DE-AD41-0208939D64A4}.Debug|Any CPU.ActiveCfg = Debug|Win32
		{87BF9174-4C74-42DE-AD41-0208939D64A4}.Debug|Mixed Platforms.ActiveCfg = Debug|Win32
		{87BF9174-4C74-42DE-AD41-0208939D64A4}.Debug|Mixed Platforms.Build.0 = Debug|Win32
		{87BF9174-4C74-42DE-AD41-0208939D64A4}.Debug|Win32.ActiveCfg = Debug|Win32
		{87BF9174-4C74-42DE-AD41-0208939D64A4}.Debug|Win32.Build.0 = Debug|Win32
		{87BF9174-4C74-42DE-AD41-0208939D64A4}.Release|Any CPU.ActiveCfg = Release|Win32
		{87BF9174-4C74-42DE-AD41-0208939D64A4}.Release|Mixed Platforms.ActiveCfg = Release|Win32
		{87BF9174-4C74-42DE-AD41-0208939D64A4}.Release|Mixed Platforms.Build.0 = Release|Win32
		{87BF9174-4C74-42DE-AD41-0208939D64A4}.Release|Win32.ActiveCfg = Release|Win32
		{87BF9174-4C74-42DE-AD41-0208939D64A4}.Release|Win32.Build.0 = Release|Win32
		{6C8E7672-C2E5-4F4C-8756-75414DD4104A}.Debug|Any CPU.ActiveCfg = Debug|Win32
		{6C8E7672-C2E5-4F4C-8756-75414DD4104A}.Debug|Mixed Platforms.ActiveCfg = Debug|Win32
		{6C8E7672-C2E5-4F4C-8756-75414DD4104A}.Debug|Mixed Platforms.Build.0 = Debug|Win32
		{6C8E7672-C2E5-4F4C-8756-75414DD4104A}.Debug|Win32.ActiveCfg = Debug|Win32
		{6C8E7672-C2E5-4F4C-8756-75414DD4104A}.Debug|Win32.Build.0 = Debug|Win32
		{6C8E7672-C2E5-4F4C-8756-75414DD4104A}.Release|Any CPU.ActiveCfg = Release|Win32
		{6C8E7672-C2E5-4F4C-8756-75414DD4104A}.Release|Mixed Platforms.ActiveCfg = Release|Win32
		{6C8E7672-C2E5-4F4C-8756-75414DD4104A}.Release|Mixed Platforms.Build.0 = Release|Win32
		{6C8E7672-C2E5-4F4C-8756-75414DD4104A}.Release|Win32.ActiveCfg = Release|Win32
		{6C8E7672-C2E5-4F4C-8756-75414DD4104A}.Release|Win32.Build.0 = Release|Win32
		{9FC0D1F9-9903-4FBF-8C2E-0B2A8DC9EAFE}.Debug|Any CPU.ActiveCfg = Debug|Win32
		{9FC0D1F9-9903-4FBF-8C2E-0B2A8DC9EAFE}.Debug|Mixed Platforms.ActiveCfg = Debug|Win32
		{9FC0D1F9-9903-4FBF-8C2E-0B2A8DC9EAFE}.Debug|Mixed Platforms.Build.0 = Debug|Win32
		{9FC0D1F9-9903-4FBF-8C2E-0B2A8DC9EAFE}.Debug|Win32.ActiveCfg = Debug|Win32
		{9FC0D1F9-9903-4FBF-8C2E-0B2A8DC9EAFE}.Debug|Win32.Build.0 = Debug|Win32
		{9FC0D1F9-9903-4FBF-8C2E-0B2A8DC9EAFE}.Release|Any CPU.ActiveCfg = Release|Win32
		{9FC0D1F9-9903-4FBF-8C2E-0B2A8DC9EAFE}.Release|Mixed Platforms.ActiveCfg = Release|Win32
		{9FC0D1F9-9903-4FBF-8C2E-0B2A8DC9EAFE}.Release|Mixed Platforms.Build.0 = Release|Win32
		{9FC0D1F9-9903-4FBF-8C2E-0B2A8DC9EAFE}.Release|Win32.ActiveCfg = Release|Win32
		{9FC0D1F9-9903-4FBF-8C2E-0B2A8DC9EAFE}.Release|Win32.Build.0 = Release|Win32
		{D6625621-CA32-4162-8DCE-676E34CF6FFE}.Debug|Any CPU.ActiveCfg = Debug|Win32
		{D6625621-CA32-4162-8DCE-676E34CF6FFE}.Debug|Mixed Platforms.ActiveCfg = Debug|Win32
		{D6625621-CA32-4162-8DCE-676E34CF6FFE}.Debug|Mixed Platforms.Build.0 = Debug|Win32
		{D6625621-CA32-4162-8DCE-676E34CF6FFE}.Debug|Win32.ActiveCfg = Debug|Win32
		{D6625621-CA32-4162-8DCE-676E34CF6FFE}.Debug|Win32.Build.0 = Debug|Win32
		{D6625621-CA32-4162-8DCE-676E34CF6FFE}.Release|Any CPU.ActiveCfg = Release|Win32
		{D6625621-CA32-4162-8DCE-676E34CF6FFE}.Release|Mixed Platforms.ActiveCfg = Release|Win32
		{D6625621-CA32-4162-8DCE-676E34CF6FFE}.Release|Mixed Platforms.Build.0 = Release|Win32
		{D6625621-CA32-4162-8DCE-676E34CF6FFE}.Release|Win32.ActiveCfg = Release|Win32
		{D6625621-CA32-4162-8DCE-676E34CF6FFE}.Release|Win32.Build.0 = Release|Win32
		{42378062-7C34-4A2F-83F3-46A2FFCF7F34}.Debug|Any CPU.ActiveCfg = Debug|Win32
		{42378062-7C34-4A2F-83F3-46A2FFCF7F34}.Debug|Mixed Platforms.ActiveCfg = Debug|Win32
		{42378062-7C34-4A2F-83F3-46A2FFCF7F34}.Debug|Mixed Platforms.Build.0 = Debug|Win32
		{42378062-7C34-4A2F-83F3-46A2FFCF7F34}.Debug|Win32.ActiveCfg = Debug|Win32
		{42378062-7C34-4A2F-83F3-46A2FFCF7F34}.Debug|Win32.Build.0 = Debug|Win32
		{42378062-7C34-4A2F-83F3-46A2FFCF7F34}.Release|Any CPU.ActiveCfg = Release|Win32
		{42378062-7C34-4A2F-83F3-46A2FFCF7F34}.Release|Mixed Platforms.ActiveCfg = Release|Win32
		{42378062-7C34-4A2F-83F3-46A2FFCF7F34}.Release|Mixed Platforms.Build.0 = Release|Win32
		{42378062-7C34-4A2F-83F3-46A2FFCF7F34}.Release|Win32.ActiveCfg = Release|Win32
		{42378062-7C34-4A2F-83F3-46A2FFCF7F34}.Release|Win32.Build.0 = Release|Win32
		{BCAFE070-E7A3-44A8-A768-57394FDDDBB4}.Debug|Any CPU.ActiveCfg = Debug|Win32
		{BCAFE070-E7A3-44A8-A768-57394FDDDBB4}.Debug|Mixed Platforms.ActiveCfg = Debug|Win32
		{BCAFE070-E7A3-44A8-A768-57394FDDDBB4}.Debug|Mixed Platforms.Build.0 = Debug|Win32
		{BCAFE070-E7A3-44A8-A768-57394FDDDBB4}.Debug|Win32.ActiveCfg = Debug|Win32
		{BCAFE070-E7A3-44A8-A768-57394FDDDBB4}.Debug|Win32.Build.0 = Debug|Win32
		{BCAFE070-E7A3-44A8-A768-57394FDDDBB4}.Release|Any CPU.ActiveCfg = Release|Win32
		{BCAFE070-E7A3-44A8-A768-57394FDDDBB4}.Release|Mixed Platforms.ActiveCfg = Release|Win32
		{BCAFE070-E7A3-44A8-A768-57394FDDDBB4}.Release|Mixed Platforms.Build.0 = Release|Win32
		{BCAFE070-E7A3-44A8-A768-57394FDDDBB4}.Release|Win32.ActiveCfg = Release|Win32
		{BCAFE070-E7A3-44A8-A768-57394FDDDBB4}.Release|Win32.Build.0 = Release|Win32
	EndGlobalSection
	GlobalSection(SolutionProperties) = preSolution
		HideSolutionNode = FALSE
	EndGlobalSection
EndGlobal
